lockfileVersion: '9.0'

settings:
  autoInstallPeers: true
  excludeLinksFromLockfile: false

importers:

  .:
    dependencies:
      '@finos/perspective':
        specifier: ^3.0.3
        version: 3.0.3
      '@finos/perspective-viewer':
        specifier: ^3.0.3
        version: 3.0.3
      '@finos/perspective-viewer-d3fc':
        specifier: ^3.0.3
        version: 3.0.3(d3-brush@3.0.0)(d3-dispatch@3.0.1)(d3-fetch@3.0.1)(d3-path@3.1.0)(d3-random@3.0.1)(d3-scale-chromatic@3.1.0)(d3-scale@4.0.2)(d3-shape@3.2.0)(d3-time@3.1.0)(d3-zoom@3.0.0)
      '@finos/perspective-viewer-datagrid':
        specifier: ^3.0.3
        version: 3.0.3
      '@finos/perspective-workspace':
        specifier: ^3.0.3
        version: 3.0.3(crypto@1.0.1)
      express:
        specifier: ^4.19.2
        version: 4.19.2
      express-ws:
        specifier: ^5.0.2
        version: 5.0.2(express@4.19.2)
      prettier:
        specifier: ^3.3.3
        version: 3.3.3

packages:

  '@d3fc/d3fc-annotation@3.0.16':
    resolution: {integrity: sha512-4tA7RHLUbj/i3KqWRqCVDOHi435qBRXbAFrAajVYM2juNzFdX5RCoF3opyXKOFncs339caxgeySGStTVfulO9w==}
    peerDependencies:
      d3-scale: '*'
      d3-selection: '*'

  '@d3fc/d3fc-axis@3.0.7':
    resolution: {integrity: sha512-S4pILxkQUkD7WQmimWxIEHfXUYEonlXWuWvMP6iq3KXL3d+cj4flvwNqLYZvSVaQDdK990cKkjrK/ZAKnReGlg==}
    peerDependencies:
      d3-scale: '*'
      d3-selection: '*'
      d3-shape: '*'

  '@d3fc/d3fc-brush@3.0.3':
    resolution: {integrity: sha512-fc1XBuNWl6DQVFSnBdauI/WNRvtNaeUWwDiLEIMY+v0VlrmGOgWEGCB5otVepGZiL56cjgRtHdwYBdKCvgGBSg==}
    peerDependencies:
      d3-brush: '*'
      d3-dispatch: '*'
      d3-scale: '*'
      d3-selection: '*'

  '@d3fc/d3fc-chart@5.1.9':
    resolution: {integrity: sha512-xFO9lDUi2wAkjfyWlVZuFwSWEgnk0WOEagR2R9KzQ+uxeg3oZOPzwE+AZbpALyQbjjQ2uIxcOk56xnmnnayk3w==}
    peerDependencies:
      d3-scale: '*'
      d3-selection: '*'

  '@d3fc/d3fc-data-join@6.0.3':
    resolution: {integrity: sha512-fd1D2Cl4YGjzl3gBhcrvTl/VxaSncY0ZcokWsN8ahtmk9DZK4DnAgHGrdecnXVLkOx+ANDcqxqscYz6MWXLbcA==}
    peerDependencies:
      d3-selection: '*'

  '@d3fc/d3fc-discontinuous-scale@4.1.1':
    resolution: {integrity: sha512-cyhtq4XPtK8RCSBtzctRAl4RkDyYJqJY0SJpi3QcfJz/OX9iB6At7UjITO7tAmJ7RUHb/xZvAVpJU8BM5gaQqg==}
    peerDependencies:
      d3-scale: '*'
      d3-time: '*'

  '@d3fc/d3fc-element@6.2.0':
    resolution: {integrity: sha512-AvdZ3V4mVxF9dGYLiDCoqr3GhrFOUQEc1FcP20QEhQ3fJ3qYRwx7/uhL7G/L2xbe6k4delPgnLOvtoaDenhpZw==}

  '@d3fc/d3fc-extent@4.0.2':
    resolution: {integrity: sha512-m7w7Dof6KAIDtgzIsTcprWTEoiqExJGsGoQbb97bF+EwIkuEZWRUl1jkoeNL00efpX1o6zSdqSr6lojoR0aI/g==}
    peerDependencies:
      d3-array: '*'

  '@d3fc/d3fc-financial-feed@7.1.0':
    resolution: {integrity: sha512-K8jktdRJQAiJepglErsuY2ZMKsm0YFWTeuhYnTFb8rWmyhwoPeem9QW+e6xBTiAvbElJm4yTrkal09KmO2cLlQ==}
    peerDependencies:
      d3-fetch: '*'

  '@d3fc/d3fc-group@3.0.1':
    resolution: {integrity: sha512-GBUR6a4hkqfSo77iaFS4qPMS5tupH8hmJ8eniiD45GFmWQs69+Dlf8Uhx+GCCvQkE+px6rQyZWVCJKBq6gkz2Q==}

  '@d3fc/d3fc-label-layout@7.0.4':
    resolution: {integrity: sha512-4CCyOx6uQA/Eq1VHnNy9dpI5QE2sDd1EP4W0Nw2rwnhFtlQqv37V38b9y5zT4YcdFrEgJqSB81fXIt3ZK1yxSg==}
    peerDependencies:
      d3-array: '*'
      d3-scale: '*'
      d3-selection: '*'

  '@d3fc/d3fc-pointer@3.0.3':
    resolution: {integrity: sha512-hXY7LqliDEJBH/do4YZusdLoikLYlWoN7efPC7YKYJ8igoEQFa48BqEHcANLs1qH+r7vzL2SS8V39MzgnJ1yQA==}
    peerDependencies:
      d3-dispatch: '*'
      d3-selection: '*'

  '@d3fc/d3fc-random-data@4.0.2':
    resolution: {integrity: sha512-T7+PbG1n23jyVMOWIuHJjY12PhPcYeRShuF0MK0ohifcNmwslurFMQKLBWkZk4x19In6JX7lNR0lwsaUUrcZNA==}
    peerDependencies:
      d3-random: '*'
      d3-time: '*'

  '@d3fc/d3fc-rebind@6.0.1':
    resolution: {integrity: sha512-+ryBZ53ALMffbADwnFAtTYQJcT7PE5BwpducGYS0X6Jux6ESnp+fP+cDQvBGbDBOVqaziGnfeLeJXjtMnZujmQ==}

  '@d3fc/d3fc-sample@5.0.2':
    resolution: {integrity: sha512-+ZJu+TOL4MFzFvAYc+QqDKude9DS7x4uK+133vCknAlSxL/l8Sh6ecWFXTSaC8tqHGywT7SK1arf0DiYCyS3Nw==}
    peerDependencies:
      d3-array: '*'

  '@d3fc/d3fc-series@6.1.3':
    resolution: {integrity: sha512-OSbt60SohTIib1xihX9ufneyJY7s9Feg9hvXVyEBZEBkwNE1NaeesZJ4nkmslu39RWuwsvpK3apL/XuBw7i5WA==}
    peerDependencies:
      d3-array: '*'
      d3-scale: '*'
      d3-scale-chromatic: '*'
      d3-selection: '*'
      d3-shape: '*'

  '@d3fc/d3fc-shape@6.0.1':
    resolution: {integrity: sha512-/dD3S8BWrOjO2mSptUmwe38V7KG4Kw6liIE5NXZJjX/XidfZhuDu7WWuya3i90HeNYDZNcs6Z+4qM3FnvlZf8g==}
    peerDependencies:
      d3-path: '*'

  '@d3fc/d3fc-technical-indicator@8.1.1':
    resolution: {integrity: sha512-ci5q+/4jCbbnT9M/JnrsBoHJfNJI4HFeCGVT+sy221OTdaFnrLj+IELFKFUS2h0uEOSu+CYT3D1K0BcAnMooxA==}
    peerDependencies:
      d3-array: '*'

  '@d3fc/d3fc-webgl@3.2.1':
    resolution: {integrity: sha512-yNYHW/tC05rrJs5fpVM5zdmInL8NH6UP09ZJ2tmKw62ELYHWySV8vuXOVZN3V/3WihPa60p2w23H0Hrp2b5qeg==}
    peerDependencies:
      d3-scale: '*'
      d3-shape: '*'

  '@d3fc/d3fc-zoom@1.2.0':
    resolution: {integrity: sha512-NfY6gPfcatw1gUtZoWq17SA7LV00t7Rl3eq6Bgj17++7K1H77Gpsb1hFa3XhzF85RrODuUzQW33/IIMYPgim9A==}
    peerDependencies:
      d3-dispatch: '*'
      d3-selection: '*'
      d3-zoom: '*'

  '@finos/perspective-viewer-d3fc@3.0.3':
    resolution: {integrity: sha512-E9EiLgDDyG5yOZK910hNm4r8Bd44T/9sQGAi9709Z9qXWzj0vCJtRcC85Zx3YWLvxARXQgGlmw9Lt54r0u4nvg==}

  '@finos/perspective-viewer-datagrid@3.0.3':
    resolution: {integrity: sha512-RpJNuJt6OaH3MwTAQz2DhK4hTtqqMUcvnaqhje+lXFTEszf6G9aY+MFvJ91MBD/0enPR+Sw57+/YPgIb3wt5Sw==}

  '@finos/perspective-viewer@3.0.3':
    resolution: {integrity: sha512-O3fLXG7HZbTk1JjGGPjSDDdY4/SKLYrG8xO4/QD6/8sn/wQ0CMaRo+GdcyZsAG0xedwrzt9qUj6NyVnACOoIYA==}

  '@finos/perspective-workspace@3.0.3':
    resolution: {integrity: sha512-RW4KsIvnm1b7bbmS74mzPxDfcsgclyciO1QJFA5PfQozVFONvlL6BKC2MWt7s8ZExEiOzRkVnuBFoZd2Edxm1Q==}

  '@finos/perspective@3.0.3':
    resolution: {integrity: sha512-3VwjDQ/RaTbC8elucOYjoaHIVbVg6Rdce/kmI28LcaorB7zYvjzClY2qDohcO+rmcF6eIji/+LfknGqY6/ZHMQ==}

  '@lumino/algorithm@1.9.2':
    resolution: {integrity: sha512-Z06lp/yuhz8CtIir3PNTGnuk7909eXt4ukJsCzChsGuot2l5Fbs96RJ/FOHgwCedaX74CtxPjXHXoszFbUA+4A==}

  '@lumino/collections@1.9.3':
    resolution: {integrity: sha512-2i2Wf1xnfTgEgdyKEpqM16bcYRIhUOGCDzaVCEZACVG9R1CgYwOe3zfn71slBQOVSjjRgwYrgLXu4MBpt6YK+g==}

  '@lumino/commands@1.21.1':
    resolution: {integrity: sha512-d1zJmwz5bHU0BM/Rl3tRdZ7/WgXnFB0bM7x7Bf0XDlmX++jnU9k0j3mh6/5JqCGLmIApKCRwVqSaV7jPmSJlcQ==}

  '@lumino/coreutils@1.12.1':
    resolution: {integrity: sha512-JLu3nTHzJk9N8ohZ85u75YxemMrmDzJdNgZztfP7F7T7mxND3YVNCkJG35a6aJ7edu1sIgCjBxOvV+hv27iYvQ==}
    peerDependencies:
      crypto: 1.0.1

  '@lumino/disposable@1.10.4':
    resolution: {integrity: sha512-4ZxyYcyzUS+ZeB2KAH9oAH3w0DUUceiVr+FIZHZ2TAYGWZI/85WlqJtfm0xjwEpCwLLW1TDqJrISuZu3iMmVMA==}

  '@lumino/domutils@1.8.2':
    resolution: {integrity: sha512-QIpMfkPJrs4GrWBuJf2Sn1fpyVPmvqUUAeD8xAQo8+4V5JAT0vUDLxZ9HijefMgNCi3+Bs8Z3lQwRCrz+cFP1A==}

  '@lumino/dragdrop@1.14.5':
    resolution: {integrity: sha512-LC5xB82+xGF8hFyl716TMpV32OIMIMl+s3RU1PaqDkD6B7PkgiVk6NkJ4X9/GcEvl2igkvlGQt/3L7qxDAJNxw==}

  '@lumino/keyboard@1.8.2':
    resolution: {integrity: sha512-Dy+XqQ1wXbcnuYtjys5A0pAqf4SpAFl9NY6owyIhXAo0Va7w3LYp3jgiP1xAaBAwMuUppiUAfrbjrysZuZ625g==}

  '@lumino/messaging@1.10.3':
    resolution: {integrity: sha512-F/KOwMCdqvdEG8CYAJcBSadzp6aI7a47Fr60zAKGqZATSRRRV41q53iXU7HjFPqQqQIvdn9Z7J32rBEAyQAzww==}

  '@lumino/properties@1.8.2':
    resolution: {integrity: sha512-EkjI9Cw8R0U+xC9HxdFSu7X1tz1H1vKu20cGvJ2gU+CXlMB1DvoYJCYxCThByHZ+kURTAap4SE5x8HvKwNPbig==}

  '@lumino/signaling@1.11.1':
    resolution: {integrity: sha512-YCUmgw08VoyMN5KxzqPO3KMx+cwdPv28tAN06C0K7Q/dQf+oufb1XocuhZb5selTrTmmuXeizaYxgLIQGdS1fA==}

  '@lumino/virtualdom@1.14.3':
    resolution: {integrity: sha512-5joUC1yuxeXbpfbSBm/OR8Mu9HoTo6PDX0RKqzlJ9o97iml7zayFN/ynzcxScKGQAo9iaXOY8uVIvGUT8FnsGw==}

  '@lumino/widgets@1.37.2':
    resolution: {integrity: sha512-NHKu1NBDo6ETBDoNrqSkornfUCwc8EFFzw6+LWBfYVxn2PIwciq2SdiJGEyNqL+0h/A9eVKb5ui5z4cwpRekmQ==}

  '@types/d3-selection@1.0.10':
    resolution: {integrity: sha512-mHICSFHpIwgTycsvgINYCwItk039eofbGRzVNdeUUtv0S2BD1vXFFUKaeMJN3ARbVl+hlsVOIwdzhzub5tjr6Q==}

  accepts@1.3.8:
    resolution: {integrity: sha512-PYAthTa2m2VKxuvSD3DPC/Gy+U+sOA1LAuT8mkmRuvw+NACSaeXEQ+NHcVF7rONl6qcaxV3Uuemwawk+7+SJLw==}
    engines: {node: '>= 0.6'}

  array-flatten@1.1.1:
    resolution: {integrity: sha512-PCVAQswWemu6UdxsDFFX/+gVeYqKAod3D3UVm91jHwynguOwAvYPhx8nNlM++NqRcK6CxxpUafjmhIdKiHibqg==}

  body-parser@1.20.2:
    resolution: {integrity: sha512-ml9pReCu3M61kGlqoTm2umSXTlRTuGTx0bfYj+uIUKKYycG5NtSbeetV3faSU6R7ajOPw0g/J1PvK4qNy7s5bA==}
    engines: {node: '>= 0.8', npm: 1.2.8000 || >= 1.4.16}

  bytes@3.1.2:
    resolution: {integrity: sha512-/Nf7TyzTx6S3yRJObOAV7956r8cr2+Oj8AC5dt8wSP3BQAoeX58NoHyCU8P8zGkNXStjTSi6fzO6F0pBdcYbEg==}
    engines: {node: '>= 0.8'}

  call-bind@1.0.7:
    resolution: {integrity: sha512-GHTSNSYICQ7scH7sZ+M2rFopRoLh8t2bLSW6BbgrtLsahOIB5iyAVJf9GjWK3cYTDaMj4XdBpM1cA6pIS0Kv2w==}
    engines: {node: '>= 0.4'}

  chroma-js@1.4.1:
    resolution: {integrity: sha512-jTwQiT859RTFN/vIf7s+Vl/Z2LcMrvMv3WUFmd/4u76AdlFC0NTNgqEEFPcRiHmAswPsMiQEDZLM8vX8qXpZNQ==}

  commander@7.2.0:
    resolution: {integrity: sha512-QrWXB+ZQSVPmIWIhtEO9H+gwHaMGYiF5ChvoJ+K9ZGHG/sVsa6yiesAD1GC/x46sET00Xlwo1u49RVVVzvcSkw==}
    engines: {node: '>= 10'}

  content-disposition@0.5.4:
    resolution: {integrity: sha512-FveZTNuGw04cxlAiWbzi6zTAL/lhehaWbTtgluJh4/E95DqMwTmha3KZN1aAWA8cFIhHzMZUvLevkw5Rqk+tSQ==}
    engines: {node: '>= 0.6'}

  content-type@1.0.5:
    resolution: {integrity: sha512-nTjqfcBFEipKdXCv4YDQWCfmcLZKm81ldF0pAopTvyrFGVbcR6P/VAAd5G7N+0tTr8QqiU0tFadD6FK4NtJwOA==}
    engines: {node: '>= 0.6'}

  cookie-signature@1.0.6:
    resolution: {integrity: sha512-QADzlaHc8icV8I7vbaJXJwod9HWYp8uCqf1xa4OfNu1T7JVxQIrUgOWtHdNDtPiywmFbiS12VjotIXLrKM3orQ==}

  cookie@0.6.0:
    resolution: {integrity: sha512-U71cyTamuh1CRNCfpGY6to28lxvNwPG4Guz/EVjgf3Jmzv0vlDp1atT9eS5dDjMYHucpHbWns6Lwf3BKz6svdw==}
    engines: {node: '>= 0.6'}

  crypto@1.0.1:
    resolution: {integrity: sha512-VxBKmeNcqQdiUQUW2Tzq0t377b54N2bMtXO/qiLa+6eRRmmC4qT3D4OnTGoT/U6O9aklQ/jTwbOtRMTTY8G0Ig==}
    deprecated: This package is no longer supported. It's now a built-in Node module. If you've depended on crypto, you should switch to the one that's built-in.

  d3-array@1.0.1:
    resolution: {integrity: sha512-VPS5OH5Xb43tkFkxHEc4r5yWhlDwST47zh1q+qvgTj7xB9xDXn+UEcofhvNC7s8gD55y9Q/MCSPSBUVvnzo3Dw==}

  d3-array@3.2.4:
    resolution: {integrity: sha512-tdQAmyA18i4J7wprpYq8ClcxZy3SC31QMeByyCFyRt7BVHdREQZ5lpzoe5mFEYZUWe+oq8HBvk9JjpibyEV4Jg==}
    engines: {node: '>=12'}

  d3-axis@3.0.0:
    resolution: {integrity: sha512-IH5tgjV4jE/GhHkRV0HiVYPDtvfjHQlQfJHs0usq7M30XcSBvOotpmH1IgkcXsO/5gEQZD43B//fc7SRT5S+xw==}
    engines: {node: '>=12'}

  d3-brush@3.0.0:
    resolution: {integrity: sha512-ALnjWlVYkXsVIGlOsuWH1+3udkYFI48Ljihfnh8FZPF2QS9o+PzGLBslO0PjzVoHLZ2KCVgAM8NVkXPJB2aNnQ==}
    engines: {node: '>=12'}

  d3-chord@3.0.1:
    resolution: {integrity: sha512-VE5S6TNa+j8msksl7HwjxMHDM2yNK3XCkusIlpX5kwauBfXuyLAtNg9jCp/iHH61tgI4sb6R/EIMWCqEIdjT/g==}
    engines: {node: '>=12'}

  d3-collection@1.0.7:
    resolution: {integrity: sha512-ii0/r5f4sjKNTfh84Di+DpztYwqKhEyUlKoPrzUFfeSkWxjW49xU2QzO9qrPrNkpdI0XJkfzvmTu8V2Zylln6A==}

  d3-color@1.4.1:
    resolution: {integrity: sha512-p2sTHSLCJI2QKunbGb7ocOh7DgTAn8IrLx21QRc/BSnodXM4sv6aLQlnfpvehFMLZEfBc6g9pH9SWQccFYfJ9Q==}

  d3-color@3.1.0:
    resolution: {integrity: sha512-zg/chbXyeBtMQ1LbD/WSoW2DpC3I0mpmPdW+ynRTj/x2DAWYrIY7qeZIHidozwV24m4iavr15lNwIwLxRmOxhA==}
    engines: {node: '>=12'}

  d3-contour@4.0.2:
    resolution: {integrity: sha512-4EzFTRIikzs47RGmdxbeUvLWtGedDUNkTcmzoeyg4sP/dvCexO47AaQL7VKy/gul85TOxw+IBgA8US2xwbToNA==}
    engines: {node: '>=12'}

  d3-delaunay@6.0.4:
    resolution: {integrity: sha512-mdjtIZ1XLAM8bm/hx3WwjfHt6Sggek7qH043O8KEjDXN40xi3vx/6pYSVTwLjEgiXQTbvaouWKynLBiUZ6SK6A==}
    engines: {node: '>=12'}

  d3-dispatch@1.0.1:
    resolution: {integrity: sha512-BRTp95mobTSKx8EtpOLbxXuYVtNNr0PmelkH9Uzg5cgcO5O1M0i3+2C0FeM2I95BwQoIlsuZXQTPIoIt5xOtmw==}

  d3-dispatch@3.0.1:
    resolution: {integrity: sha512-rzUyPU/S7rwUflMyLc1ETDeBj0NRuHKKAcvukozwhshr6g6c5d8zh4c2gQjY2bZ0dXeGLWc1PF174P2tVvKhfg==}
    engines: {node: '>=12'}

  d3-drag@3.0.0:
    resolution: {integrity: sha512-pWbUJLdETVA8lQNJecMxoXfH6x+mO2UQo8rSmZ+QqxcbyA3hfeprFgIT//HW2nlHChWeIIMwS2Fq+gEARkhTkg==}
    engines: {node: '>=12'}

  d3-dsv@3.0.1:
    resolution: {integrity: sha512-UG6OvdI5afDIFP9w4G0mNq50dSOsXHJaRE8arAS5o9ApWnIElp8GZw1Dun8vP8OyHOZ/QJUKUJwxiiCCnUwm+Q==}
    engines: {node: '>=12'}
    hasBin: true

  d3-ease@1.0.7:
    resolution: {integrity: sha512-lx14ZPYkhNx0s/2HX5sLFUI3mbasHjSSpwO/KaaNACweVwxUruKyWVcb293wMv1RqTPZyZ8kSZ2NogUZNcLOFQ==}

  d3-ease@3.0.1:
    resolution: {integrity: sha512-wR/XK3D3XcLIZwpbvQwQ5fK+8Ykds1ip7A2Txe0yxncXSdq1L9skcG7blcedkOX+ZcgxGAmLX1FrRGbADwzi0w==}
    engines: {node: '>=12'}

  d3-fetch@3.0.1:
    resolution: {integrity: sha512-kpkQIM20n3oLVBKGg6oHrUchHM3xODkTzjMoj7aWQFq5QEM+R6E4WkzT5+tojDY7yjez8KgCBRoj4aEr99Fdqw==}
    engines: {node: '>=12'}

  d3-force@3.0.0:
    resolution: {integrity: sha512-zxV/SsA+U4yte8051P4ECydjD/S+qeYtnaIyAs9tgHCqfguma/aAQDjo85A9Z6EKhBirHRJHXIgJUlffT4wdLg==}
    engines: {node: '>=12'}

  d3-format@1.0.2:
    resolution: {integrity: sha512-VHFdLLjGkeGrRL8T/rlIIDhI3vvVX/oOTM/GaDJfB1sIb4dU5ZgiEjg3EeidJdQ/70u60tM015TSWa1gqqLRhg==}

  d3-format@3.1.0:
    resolution: {integrity: sha512-YyUI6AEuY/Wpt8KWLgZHsIU86atmikuoOmCfommt0LYHiQSPjvX2AcFc38PX0CBpr2RCyZhjex+NS/LPOv6YqA==}
    engines: {node: '>=12'}

  d3-geo@3.1.1:
    resolution: {integrity: sha512-637ln3gXKXOwhalDzinUgY83KzNWZRKbYubaG+fGVuc/dxO64RRljtCTnf5ecMyE1RIdtqpkVcq0IbtU2S8j2Q==}
    engines: {node: '>=12'}

  d3-hierarchy@3.1.2:
    resolution: {integrity: sha512-FX/9frcub54beBdugHjDCdikxThEqjnR93Qt7PvQTOHxyiNCAlvMrHhclk3cD5VeAaq9fxmfRp+CnWw9rEMBuA==}
    engines: {node: '>=12'}

  d3-interpolate@1.4.0:
    resolution: {integrity: sha512-V9znK0zc3jOPV4VD2zZn0sDhZU3WAE2bmlxdIwwQPPzPjvyLkd8B3JUVdS1IDUFDkWZ72c9qnv1GK2ZagTZ8EA==}

  d3-interpolate@3.0.1:
    resolution: {integrity: sha512-3bYs1rOD33uo8aqJfKP3JWPAibgw8Zm2+L9vBKEHJ2Rg+viTR7o5Mmv5mZcieN+FRYaAOWX5SJATX6k1PWz72g==}
    engines: {node: '>=12'}

  d3-path@3.1.0:
    resolution: {integrity: sha512-p3KP5HCf/bvjBSSKuXid6Zqijx7wIfNW+J/maPs+iwR35at5JCbLUT0LzF1cnjbCHWhqzQTIN2Jpe8pRebIEFQ==}
    engines: {node: '>=12'}

  d3-polygon@3.0.1:
    resolution: {integrity: sha512-3vbA7vXYwfe1SYhED++fPUQlWSYTTGmFmQiany/gdbiWgU/iEyQzyymwL9SkJjFFuCS4902BSzewVGsHHmHtXg==}
    engines: {node: '>=12'}

  d3-quadtree@3.0.1:
    resolution: {integrity: sha512-04xDrxQTDTCFwP5H6hRhsRcb9xxv2RzkcsygFzmkSIOJy3PeRJP7sNk3VRIbKXcog561P9oU0/rVH6vDROAgUw==}
    engines: {node: '>=12'}

  d3-random@3.0.1:
    resolution: {integrity: sha512-FXMe9GfxTxqd5D6jFsQ+DJ8BJS4E/fT5mqqdjovykEB2oFbTMDVdg1MGFxfQW+FBOGoB++k8swBrgwSHT1cUXQ==}
    engines: {node: '>=12'}

  d3-scale-chromatic@3.1.0:
    resolution: {integrity: sha512-A3s5PWiZ9YCXFye1o246KoscMWqf8BsD9eRiJ3He7C9OBaxKhAd5TFCdEx/7VbKtxxTsu//1mMJFrEt572cEyQ==}
    engines: {node: '>=12'}

  d3-scale@1.0.3:
    resolution: {integrity: sha512-ah2Xqywu96gau2iET3T0ZTsu0/X0gfoB8vDTuZ1OaG5F0SgGJLXreBVBknSZf2HKnxjenRvFok3qY2FgY4RpFg==}

  d3-scale@4.0.2:
    resolution: {integrity: sha512-GZW464g1SH7ag3Y7hXjf8RoUuAFIqklOAq3MRl4OaWabTFJY9PN/E1YklhXLh+OQ3fM9yS2nOkCoS+WLZ6kvxQ==}
    engines: {node: '>=12'}

  d3-selection@1.0.2:
    resolution: {integrity: sha512-nInNdsdhljkDqkU/83bdWwtiJ7xsX3l57YZMlqsAOMeQROeCv7osPqQgYnao0NmRZEGc11hNakY+EOkaIdsWpQ==}

  d3-selection@3.0.0:
    resolution: {integrity: sha512-fmTRWbNMmsmWq6xJV8D19U/gw/bwrHfNXxrIN+HfZgnzqTHp9jOmKMhsTUjXOJnZOdZY9Q28y4yebKzqDKlxlQ==}
    engines: {node: '>=12'}

  d3-shape@3.2.0:
    resolution: {integrity: sha512-SaLBuwGm3MOViRq2ABk3eLoxwZELpH6zhl3FbAoJ7Vm1gofKx6El1Ib5z23NUEhF9AsGl7y+dzLe5Cw2AArGTA==}
    engines: {node: '>=12'}

  d3-svg-legend@2.25.6:
    resolution: {integrity: sha512-6dueSjQr3+g9SlQ1SOzc4V58cCjjBeyo4WEcY8PW80i9XD/s562W/4xk05bpky0vzQx+i2XmXj3CYT+9KIRlnw==}

  d3-time-format@2.3.0:
    resolution: {integrity: sha512-guv6b2H37s2Uq/GefleCDtbe0XZAuy7Wa49VGkPVPMfLL9qObgBST3lEHJBMUp8S7NdLQAGIvr2KXk8Hc98iKQ==}

  d3-time-format@4.1.0:
    resolution: {integrity: sha512-dJxPBlzC7NugB2PDLwo9Q8JiTR3M3e4/XANkreKSUxF8vvXKqm1Yfq4Q5dl8budlunRVlUUaDUgFt7eA8D6NLg==}
    engines: {node: '>=12'}

  d3-time@1.1.0:
    resolution: {integrity: sha512-Xh0isrZ5rPYYdqhAVk8VLnMEidhz5aP7htAADH6MfzgmmicPkTo8LhkLxci61/lCB7n7UmE3bN0leRt+qvkLxA==}

  d3-time@3.1.0:
    resolution: {integrity: sha512-VqKjzBLejbSMT4IgbmVgDjpkYrNWUYJnbCGo874u7MMKIWsILRX+OpX/gTk8MqjpT1A/c6HY2dCA77ZN0lkQ2Q==}
    engines: {node: '>=12'}

  d3-timer@1.0.10:
    resolution: {integrity: sha512-B1JDm0XDaQC+uvo4DT79H0XmBskgS3l6Ve+1SBCfxgmtIb1AVrPIoqd+nPSv+loMX8szQ0sVUhGngL7D5QPiXw==}

  d3-timer@3.0.1:
    resolution: {integrity: sha512-ndfJ/JxxMd3nw31uyKoY2naivF+r29V+Lc0svZxe1JvvIRmi8hUsrMvdOwgS1o6uBHmiz91geQ0ylPP0aj1VUA==}
    engines: {node: '>=12'}

  d3-transition@1.0.3:
    resolution: {integrity: sha512-Facxcbma0nA2GVrx7B/Mgnn5ju6SwUMzGa9YcYmQjpqmaIq1Zbp5vVJLjtH6b08Lu0vcX7O6a4z+AlLmdCxrCQ==}

  d3-transition@3.0.1:
    resolution: {integrity: sha512-ApKvfjsSR6tg06xrL434C0WydLr7JewBB3V+/39RMHsaXTOG0zmt/OAXeng5M5LBm0ojmxJrpomQVZ1aPvBL4w==}
    engines: {node: '>=12'}
    peerDependencies:
      d3-selection: 2 - 3

  d3-zoom@3.0.0:
    resolution: {integrity: sha512-b8AmV3kfQaqWAuacbPuNbL6vahnOJflOhexLzMMNLga62+/nh0JzvJ0aO/5a5MVgUFGS7Hu1P9P03o3fJkDCyw==}
    engines: {node: '>=12'}

  d3@7.9.0:
    resolution: {integrity: sha512-e1U46jVP+w7Iut8Jt8ri1YsPOvFpg46k+K8TpCb0P+zjCkjkPnV7WzfDJzMHy1LnA+wj5pLT1wjO901gLXeEhA==}
    engines: {node: '>=12'}

  d3fc@15.2.13:
    resolution: {integrity: sha512-wfBvY9TcoeV/bRxPjawlzDHS/r2y03STspyZc9ydiz4ANMt+y+ynL9oahTZ4aAbp5JK850VxWNkQ8jaaN/cDYg==}

  debug@2.6.9:
    resolution: {integrity: sha512-bC7ElrdJaJnPbAP+1EotYvqZsb3ecl5wi6Bfi6BJTUcNowp6cvspg0jXznRTKDjm/E7AdgFBVeAPVMNcKGsHMA==}
    peerDependencies:
      supports-color: '*'
    peerDependenciesMeta:
      supports-color:
        optional: true

  define-data-property@1.1.4:
    resolution: {integrity: sha512-rBMvIzlpA8v6E+SJZoo++HAYqsLrkg7MSfIinMPFhmkorw7X+dOXVJQs+QT69zGkzMyfDnIMN2Wid1+NbL3T+A==}
    engines: {node: '>= 0.4'}

  delaunator@5.0.1:
    resolution: {integrity: sha512-8nvh+XBe96aCESrGOqMp/84b13H9cdKbG5P2ejQCh4d4sK9RL4371qou9drQjMhvnPmhWl5hnmqbEE0fXr9Xnw==}

  depd@2.0.0:
    resolution: {integrity: sha512-g7nH6P6dyDioJogAAGprGpCtVImJhpPk/roCzdb3fIh61/s/nPsfR6onyMwkCAR/OlC3yBC0lESvUoQEAssIrw==}
    engines: {node: '>= 0.8'}

  destroy@1.2.0:
    resolution: {integrity: sha512-2sJGJTaXIIaR1w4iJSNoN0hnMY7Gpc/n8D4qSCJw8QqFWXf7cuAgnEHxBpweaVcPevC2l3KpjYCx3NypQQgaJg==}
    engines: {node: '>= 0.8', npm: 1.2.8000 || >= 1.4.16}

  ee-first@1.1.1:
    resolution: {integrity: sha512-WMwm9LhRUo+WUaRN+vRuETqG89IgZphVSNkdFgeb6sS/E4OrDIN7t48CAewSHXc6C8lefD8KKfr5vY61brQlow==}

  encodeurl@1.0.2:
    resolution: {integrity: sha512-TPJXq8JqFaVYm2CWmPvnP2Iyo4ZSM7/QKcSmuMLDObfpH5fi7RUGmd/rTDf+rut/saiDiQEeVTNgAmJEdAOx0w==}
    engines: {node: '>= 0.8'}

  es-define-property@1.0.0:
    resolution: {integrity: sha512-jxayLKShrEqqzJ0eumQbVhTYQM27CfT1T35+gCgDFoL82JLsXqTJ76zv6A0YLOgEnLUMvLzsDsGIrl8NFpT2gQ==}
    engines: {node: '>= 0.4'}

  es-errors@1.3.0:
    resolution: {integrity: sha512-Zf5H2Kxt2xjTvbJvP2ZWLEICxA6j+hAmMzIlypy4xcBg1vKVnx89Wy0GbS+kf5cwCVFFzdCFh2XSCFNULS6csw==}
    engines: {node: '>= 0.4'}

  escape-html@1.0.3:
    resolution: {integrity: sha512-NiSupZ4OeuGwr68lGIeym/ksIZMJodUGOSCZ/FSnTxcrekbvqrgdUxlJOMpijaKZVjAJrWrGs/6Jy8OMuyj9ow==}

  etag@1.8.1:
    resolution: {integrity: sha512-aIL5Fx7mawVa300al2BnEE4iNvo1qETxLrPI/o05L7z6go7fCw1J6EQmbK4FmJ2AS7kgVF/KEZWufBfdClMcPg==}
    engines: {node: '>= 0.6'}

  express-ws@5.0.2:
    resolution: {integrity: sha512-0uvmuk61O9HXgLhGl3QhNSEtRsQevtmbL94/eILaliEADZBHZOQUAiHFrGPrgsjikohyrmSG5g+sCfASTt0lkQ==}
    engines: {node: '>=4.5.0'}
    peerDependencies:
      express: ^4.0.0 || ^5.0.0-alpha.1

  express@4.19.2:
    resolution: {integrity: sha512-5T6nhjsT+EOMzuck8JjBHARTHfMht0POzlA60WV2pMD3gyXw2LZnZ+ueGdNxG+0calOJcWKbpFcuzLZ91YWq9Q==}
    engines: {node: '>= 0.10.0'}

  finalhandler@1.2.0:
    resolution: {integrity: sha512-5uXcUVftlQMFnWC9qu/svkWv3GTd2PfUhK/3PLkYNAe7FbqJMt3515HaxE6eRL74GdsriiwujiawdaB1BpEISg==}
    engines: {node: '>= 0.8'}

  forwarded@0.2.0:
    resolution: {integrity: sha512-buRG0fpBtRHSTCOASe6hD258tEubFoRLb4ZNA6NxMVHNw2gOcwHo9wyablzMzOA5z9xA9L1KNjk/Nt6MT9aYow==}
    engines: {node: '>= 0.6'}

  fresh@0.5.2:
    resolution: {integrity: sha512-zJ2mQYM18rEFOudeV4GShTGIQ7RbzA7ozbU9I/XBpm7kqgMywgmylMwXHxZJmkVoYkna9d2pVXVXPdYTP9ej8Q==}
    engines: {node: '>= 0.6'}

  function-bind@1.1.2:
    resolution: {integrity: sha512-7XHNxH7qX9xG5mIwxkhumTox/MIRNcOgDrxWsMt2pAr23WHp6MrRlN7FBSFpCpr+oVO0F744iUgR82nJMfG2SA==}

  get-intrinsic@1.2.4:
    resolution: {integrity: sha512-5uYhsJH8VJBTv7oslg4BznJYhDoRI6waYCxMmCdnTrcCrHA/fCFKoTFz2JKKE0HdDFUF7/oQuhzumXJK7paBRQ==}
    engines: {node: '>= 0.4'}

  gopd@1.0.1:
    resolution: {integrity: sha512-d65bNlIadxvpb/A2abVdlqKqV563juRnZ1Wtk6s1sIR8uNsXR70xqIzVqxVf1eTqDunwT2MkczEeaezCKTZhwA==}

  gradient-parser@1.0.2:
    resolution: {integrity: sha512-gR6nY33xC9yJoH4wGLQtZQMXDi6RI3H37ERu7kQCVUzlXjNedpZM7xcA489Opwbq0BSGohtWGsWsntupmxelMg==}
    engines: {node: '>=0.10.0'}

  has-property-descriptors@1.0.2:
    resolution: {integrity: sha512-55JNKuIW+vq4Ke1BjOTjM2YctQIvCT7GFzHwmfZPGo5wnrgkid0YQtnAleFSqumZm4az3n2BS+erby5ipJdgrg==}

  has-proto@1.0.3:
    resolution: {integrity: sha512-SJ1amZAJUiZS+PhsVLf5tGydlaVB8EdFpaSO4gmiUKUOxk8qzn5AIy4ZeJUmh22znIdk/uMAUT2pl3FxzVUH+Q==}
    engines: {node: '>= 0.4'}

  has-symbols@1.0.3:
    resolution: {integrity: sha512-l3LCuF6MgDNwTDKkdYGEihYjt5pRPbEg46rtlmnSPlUbgmB8LOIrKJbYYFBSbnPaJexMKtiPO8hmeRjRz2Td+A==}
    engines: {node: '>= 0.4'}

  hasown@2.0.2:
    resolution: {integrity: sha512-0hJU9SCPvmMzIBdZFqNPXWa6dqh7WdH0cII9y+CyS8rG3nL48Bclra9HmKhVVUHyPWNH5Y7xDwAB7bfgSjkUMQ==}
    engines: {node: '>= 0.4'}

  http-errors@2.0.0:
    resolution: {integrity: sha512-FtwrG/euBzaEjYeRqOgly7G0qviiXoJWnvEH2Z1plBdXgbyjv34pHTSb9zoeHMyDy33+DWy5Wt9Wo+TURtOYSQ==}
    engines: {node: '>= 0.8'}

  iconv-lite@0.4.24:
    resolution: {integrity: sha512-v3MXnZAcvnywkTUEZomIActle7RXXeedOR31wwl7VlyoXO4Qi9arvSenNQWne1TcRwhCL1HwLI21bEqdpj8/rA==}
    engines: {node: '>=0.10.0'}

  iconv-lite@0.6.3:
    resolution: {integrity: sha512-4fCk79wshMdzMp2rH06qWrJE4iolqLhCUH+OiuIgU++RB0+94NlDL81atO7GX55uUKueo0txHNtvEyI6D7WdMw==}
    engines: {node: '>=0.10.0'}

  inherits@2.0.4:
    resolution: {integrity: sha512-k/vGaX4/Yla3WzyMCvTQOXYeIHvqOKtnqBduzTHpzpQZzAskKMhZ2K+EnBiSM9zGSoIFeMpXKxa4dYeZIQqewQ==}

  internmap@2.0.3:
    resolution: {integrity: sha512-5Hh7Y1wQbvY5ooGgPbDaL5iYLAPzMTUrjMulskHLH6wnv/A+1q5rgEaiuqEjB+oxGXIVZs1FF+R/KPN3ZSQYYg==}
    engines: {node: '>=12'}

  ipaddr.js@1.9.1:
    resolution: {integrity: sha512-0KI/607xoxSToH7GjN1FfSbLoU0+btTicjsQSWQlh/hZykN8KpmMf7uYwPW3R+akZ6R/w18ZlXSHBYXiYUPO3g==}
    engines: {node: '>= 0.10'}

  lodash@4.17.21:
    resolution: {integrity: sha512-v2kDEe57lecTulaDIuNTPy3Ry4gLGJ6Z1O3vE1krgXZNrsQ+LFTGHVxVjcXPs17LhbZVGedAJv8XZ1tvj5FvSg==}

  media-typer@0.3.0:
    resolution: {integrity: sha512-dq+qelQ9akHpcOl/gUVRTxVIOkAJ1wR3QAvb4RsVjS8oVoFjDGTc679wJYmUmknUF5HwMLOgb5O+a3KxfWapPQ==}
    engines: {node: '>= 0.6'}

  merge-descriptors@1.0.1:
    resolution: {integrity: sha512-cCi6g3/Zr1iqQi6ySbseM1Xvooa98N0w31jzUYrXPX2xqObmFGHJ0tQ5u74H3mVh7wLouTseZyYIq39g8cNp1w==}

  methods@1.1.2:
    resolution: {integrity: sha512-iclAHeNqNm68zFtnZ0e+1L2yUIdvzNoauKU4WBA3VvH/vPFieF7qfRlwUZU+DA9P9bPXIS90ulxoUoCH23sV2w==}
    engines: {node: '>= 0.6'}

  mime-db@1.52.0:
    resolution: {integrity: sha512-sPU4uV7dYlvtWJxwwxHD0PuihVNiE7TyAbQ5SWxDCB9mUYvOgroQOwYQQOKPJ8CIbE+1ETVlOoK1UC2nU3gYvg==}
    engines: {node: '>= 0.6'}

  mime-types@2.1.35:
    resolution: {integrity: sha512-ZDY+bPm5zTTF+YpCrAU9nK0UgICYPT0QtT1NZWFv4s++TNkcgVaT0g6+4R2uI4MjQjzysHB1zxuWL50hzaeXiw==}
    engines: {node: '>= 0.6'}

  mime@1.6.0:
    resolution: {integrity: sha512-x0Vn8spI+wuJ1O6S7gnbaQg8Pxh4NNHb7KSINmEWKiPE4RKOplvijn+NkmYmmRgP68mc70j2EbeTFRsrswaQeg==}
    engines: {node: '>=4'}
    hasBin: true

  ms@2.0.0:
    resolution: {integrity: sha512-Tpp60P6IUJDTuOq/5Z8cdskzJujfwqfOTkrwIwj7IRISpnkJnT6SyJ4PCPnGMoFjC9ddhal5KVIYtAt97ix05A==}

  ms@2.1.3:
    resolution: {integrity: sha512-6FlzubTLZG3J2a/NVCAleEhjzq5oxgHyaCU9yYXvcLsvoVaHJq/s5xXI6/XXP6tz7R9xAOtHnSO/tXtF3WRTlA==}

  negotiator@0.6.3:
    resolution: {integrity: sha512-+EUsqGPLsM+j/zdChZjsnX51g4XrHFOIXwfnCVPGlQk/k5giakcKsuxCObBRu6DSm9opw/O6slWbJdghQM4bBg==}
    engines: {node: '>= 0.6'}

  object-inspect@1.13.2:
    resolution: {integrity: sha512-IRZSRuzJiynemAXPYtPe5BoI/RESNYR7TYm50MC5Mqbd3Jmw5y790sErYw3V6SryFJD64b74qQQs9wn5Bg/k3g==}
    engines: {node: '>= 0.4'}

  on-finished@2.4.1:
    resolution: {integrity: sha512-oVlzkg3ENAhCk2zdv7IJwd/QUD4z2RxRwpkcGY8psCVcCYZNq4wYnVWALHM+brtuJjePWiYF/ClmuDr8Ch5+kg==}
    engines: {node: '>= 0.8'}

  parseurl@1.3.3:
    resolution: {integrity: sha512-CiyeOxFT/JZyN5m0z9PfXw4SCBJ6Sygz1Dpl0wqjlhDEGGBP1GnsUVEL0p63hoG1fcj3fHynXi9NYO4nWOL+qQ==}
    engines: {node: '>= 0.8'}

  path-to-regexp@0.1.7:
    resolution: {integrity: sha512-5DFkuoqlv1uYQKxy8omFBeJPQcdoE07Kv2sferDCrAq1ohOU+MSDswDIbnx3YAM60qIOnYa53wBhXW0EbMonrQ==}

  prettier@3.3.3:
    resolution: {integrity: sha512-i2tDNA0O5IrMO757lfrdQZCc2jPNDVntV0m/+4whiDfWaTKfMNgR7Qz0NAeGz/nRqF4m5/6CLzbP4/liHt12Ew==}
    engines: {node: '>=14'}
    hasBin: true

  proxy-addr@2.0.7:
    resolution: {integrity: sha512-llQsMLSUDUPT44jdrU/O37qlnifitDP+ZwrmmZcoSKyLKvtZxpyV0n2/bD/N4tBAAZ/gJEdZU7KMraoK1+XYAg==}
    engines: {node: '>= 0.10'}

  qs@6.11.0:
    resolution: {integrity: sha512-MvjoMCJwEarSbUYk5O+nmoSzSutSsTwF85zcHPQ9OrlFoZOYIjaqBAJIqIXjptyD5vThxGq52Xu/MaJzRkIk4Q==}
    engines: {node: '>=0.6'}

  range-parser@1.2.1:
    resolution: {integrity: sha512-Hrgsx+orqoygnmhFbKaHE6c296J+HTAQXoxEF6gNupROmmGJRoyzfG3ccAveqCBrwr/2yxQ5BVd/GTl5agOwSg==}
    engines: {node: '>= 0.6'}

  raw-body@2.5.2:
    resolution: {integrity: sha512-8zGqypfENjCIqGhgXToC8aB2r7YrBX+AQAfIPs/Mlk+BtPTztOvTS01NRW/3Eh60J+a48lt8qsCzirQ6loCVfA==}
    engines: {node: '>= 0.8'}

  regular-table@0.6.4:
    resolution: {integrity: sha512-N53k0gMxK9X4pwc8/+UOqiigoLwANsUBTlfoPruLoU3248kDswgt2H1LpuK6RqKkTU9V9Gr1XOOOxK0rXAWsSQ==}
    engines: {node: '>=16'}

  robust-predicates@3.0.2:
    resolution: {integrity: sha512-IXgzBWvWQwE6PrDI05OvmXUIruQTcoMDzRsOd5CDvHCVLcLHMTSYvOK5Cm46kWqlV3yAbuSpBZdJ5oP5OUoStg==}

  rw@1.3.3:
    resolution: {integrity: sha512-PdhdWy89SiZogBLaw42zdeqtRJ//zFd2PgQavcICDUgJT5oW10QCRKbJ6bg4r0/UY2M6BWd5tkxuGFRvCkgfHQ==}

  safe-buffer@5.2.1:
    resolution: {integrity: sha512-rp3So07KcdmmKbGvgaNxQSJr7bGVSVk5S9Eq1F+ppbRo70+YeaDxkw5Dd8NPN+GD6bjnYm2VuPuCXmpuYvmCXQ==}

  safer-buffer@2.1.2:
    resolution: {integrity: sha512-YZo3K82SD7Riyi0E1EQPojLz7kpepnSQI9IyPbHHg1XXXevb5dJI7tpyN2ADxGcQbHG7vcyRHk0cbwqcQriUtg==}

  send@0.18.0:
    resolution: {integrity: sha512-qqWzuOjSFOuqPjFe4NOsMLafToQQwBSOEpS+FwEt3A2V3vKubTquT3vmLTQpFgMXp8AlFWFuP1qKaJZOtPpVXg==}
    engines: {node: '>= 0.8.0'}

  serve-static@1.15.0:
    resolution: {integrity: sha512-XGuRDNjXUijsUL0vl6nSD7cwURuzEgglbOaFuZM9g3kwDXOWVTck0jLzjPzGD+TazWbboZYu52/9/XPdUgne9g==}
    engines: {node: '>= 0.8.0'}

  set-function-length@1.2.2:
    resolution: {integrity: sha512-pgRc4hJ4/sNjWCSS9AmnS40x3bNMDTknHgL5UaMBTMyJnU90EgWh1Rz+MC9eFu4BuN/UwZjKQuY/1v3rM7HMfg==}
    engines: {node: '>= 0.4'}

  setprototypeof@1.2.0:
    resolution: {integrity: sha512-E5LDX7Wrp85Kil5bhZv46j8jOeboKq5JMmYM3gVGdGH8xFpPWXUMsNrlODCrkoxMEeNi/XZIwuRvY4XNwYMJpw==}

  side-channel@1.0.6:
    resolution: {integrity: sha512-fDW/EZ6Q9RiO8eFG8Hj+7u/oW+XrPTIChwCOM2+th2A6OblDtYYIpve9m+KvI9Z4C9qSEXlaGR6bTEYHReuglA==}
    engines: {node: '>= 0.4'}

  statuses@2.0.1:
    resolution: {integrity: sha512-RwNA9Z/7PrK06rYLIzFMlaF+l73iwpzsqRIFgbMLbTcLD6cOao82TaWefPXQvB2fOC4AjuYSEndS7N/mTCbkdQ==}
    engines: {node: '>= 0.8'}

  stoppable@1.1.0:
    resolution: {integrity: sha512-KXDYZ9dszj6bzvnEMRYvxgeTHU74QBFL54XKtP3nyMuJ81CFYtABZ3bAzL2EdFUaEwJOBOgENyFj3R7oTzDyyw==}
    engines: {node: '>=4', npm: '>=6'}

  toidentifier@1.0.1:
    resolution: {integrity: sha512-o5sSPKEkg/DIQNmH43V0/uerLrpzVedkUh8tGNvaeXpfpuwjKenlSox/2O/BTlZUtEe+JG7s5YhEz608PlAHRA==}
    engines: {node: '>=0.6'}

  type-is@1.6.18:
    resolution: {integrity: sha512-TkRKr9sUTxEH8MdfuCSP7VizJyzRNMjj2J2do2Jr3Kym598JVdEksuzPQCnlFPW4ky9Q+iA+ma9BGm06XQBy8g==}
    engines: {node: '>= 0.6'}

  unpipe@1.0.0:
    resolution: {integrity: sha512-pjy2bYhSsufwWlKwPc+l3cN7+wuJlK6uz0YdJEOlQDbl6jo/YlPi4mb8agUkVC8BF7V8NuzeyPNqRksA3hztKQ==}
    engines: {node: '>= 0.8'}

  utils-merge@1.0.1:
    resolution: {integrity: sha512-pMZTvIkT1d+TFGvDOqodOclx0QWkkgi6Tdoa8gC8ffGAAqz9pzPTZWAybbsHHoED/ztMtkv/VoYTYyShUn81hA==}
    engines: {node: '>= 0.4.0'}

  vary@1.1.2:
    resolution: {integrity: sha512-BNGbWLfd0eUPabhkXUVm0j8uuvREyTh5ovRa/dyow/BqAbZJyC+5fU+IzQOzmAKzYqYRAISoRhdQr3eIZ/PXqg==}
    engines: {node: '>= 0.8'}

  ws@7.5.10:
    resolution: {integrity: sha512-+dbF1tHwZpXcbOJdVOkzLDxZP1ailvSxM6ZweXTegylPny803bFhA+vqBYw4s31NSAk4S2Qz+AKXK9a4wkdjcQ==}
    engines: {node: '>=8.3.0'}
    peerDependencies:
      bufferutil: ^4.0.1
      utf-8-validate: ^5.0.2
    peerDependenciesMeta:
      bufferutil:
        optional: true
      utf-8-validate:
        optional: true

  ws@8.18.0:
    resolution: {integrity: sha512-8VbfWfHLbbwu3+N6OKsOMpBdT4kXPDDB9cJk2bJ6mh9ucxdlnNvH1e+roYkKmN9Nxw2yjz7VzeO9oOz2zJ04Pw==}
    engines: {node: '>=10.0.0'}
    peerDependencies:
      bufferutil: ^4.0.1
      utf-8-validate: '>=5.0.2'
    peerDependenciesMeta:
      bufferutil:
        optional: true
      utf-8-validate:
        optional: true

snapshots:

  '@d3fc/d3fc-annotation@3.0.16(d3-array@3.2.4)(d3-path@3.1.0)(d3-scale-chromatic@3.1.0)(d3-scale@4.0.2)(d3-selection@3.0.0)(d3-shape@3.2.0)':
    dependencies:
      '@d3fc/d3fc-data-join': 6.0.3(d3-selection@3.0.0)
      '@d3fc/d3fc-rebind': 6.0.1
      '@d3fc/d3fc-series': 6.1.3(d3-array@3.2.4)(d3-path@3.1.0)(d3-scale-chromatic@3.1.0)(d3-scale@4.0.2)(d3-selection@3.0.0)(d3-shape@3.2.0)
      '@d3fc/d3fc-shape': 6.0.1(d3-path@3.1.0)
      d3-scale: 4.0.2
      d3-selection: 3.0.0
    transitivePeerDependencies:
      - d3-array
      - d3-path
      - d3-scale-chromatic
      - d3-shape

  '@d3fc/d3fc-axis@3.0.7(d3-scale@4.0.2)(d3-selection@3.0.0)(d3-shape@3.2.0)':
    dependencies:
      '@d3fc/d3fc-data-join': 6.0.3(d3-selection@3.0.0)
      '@d3fc/d3fc-rebind': 6.0.1
      d3-scale: 4.0.2
      d3-selection: 3.0.0
      d3-shape: 3.2.0

  '@d3fc/d3fc-brush@3.0.3(d3-brush@3.0.0)(d3-dispatch@3.0.1)(d3-scale@4.0.2)(d3-selection@3.0.0)':
    dependencies:
      '@d3fc/d3fc-data-join': 6.0.3(d3-selection@3.0.0)
      '@d3fc/d3fc-rebind': 6.0.1
      d3-brush: 3.0.0
      d3-dispatch: 3.0.1
      d3-scale: 4.0.2
      d3-selection: 3.0.0

  '@d3fc/d3fc-chart@5.1.9(d3-array@3.2.4)(d3-path@3.1.0)(d3-scale-chromatic@3.1.0)(d3-scale@4.0.2)(d3-selection@3.0.0)(d3-shape@3.2.0)':
    dependencies:
      '@d3fc/d3fc-axis': 3.0.7(d3-scale@4.0.2)(d3-selection@3.0.0)(d3-shape@3.2.0)
      '@d3fc/d3fc-data-join': 6.0.3(d3-selection@3.0.0)
      '@d3fc/d3fc-element': 6.2.0
      '@d3fc/d3fc-rebind': 6.0.1
      '@d3fc/d3fc-series': 6.1.3(d3-array@3.2.4)(d3-path@3.1.0)(d3-scale-chromatic@3.1.0)(d3-scale@4.0.2)(d3-selection@3.0.0)(d3-shape@3.2.0)
      d3-scale: 4.0.2
      d3-selection: 3.0.0
    transitivePeerDependencies:
      - d3-array
      - d3-path
      - d3-scale-chromatic
      - d3-shape

  '@d3fc/d3fc-data-join@6.0.3(d3-selection@3.0.0)':
    dependencies:
      d3-selection: 3.0.0

  '@d3fc/d3fc-discontinuous-scale@4.1.1(d3-scale@4.0.2)(d3-time@3.1.0)':
    dependencies:
      '@d3fc/d3fc-rebind': 6.0.1
      d3-scale: 4.0.2
      d3-time: 3.1.0

  '@d3fc/d3fc-element@6.2.0': {}

  '@d3fc/d3fc-extent@4.0.2(d3-array@3.2.4)':
    dependencies:
      d3-array: 3.2.4

  '@d3fc/d3fc-financial-feed@7.1.0(d3-fetch@3.0.1)':
    dependencies:
      d3-fetch: 3.0.1

  '@d3fc/d3fc-group@3.0.1': {}

  '@d3fc/d3fc-label-layout@7.0.4(d3-array@3.2.4)(d3-scale@4.0.2)(d3-selection@3.0.0)':
    dependencies:
      '@d3fc/d3fc-data-join': 6.0.3(d3-selection@3.0.0)
      '@d3fc/d3fc-rebind': 6.0.1
      d3-array: 3.2.4
      d3-scale: 4.0.2
      d3-selection: 3.0.0

  '@d3fc/d3fc-pointer@3.0.3(d3-dispatch@3.0.1)(d3-selection@3.0.0)':
    dependencies:
      '@d3fc/d3fc-rebind': 6.0.1
      d3-dispatch: 3.0.1
      d3-selection: 3.0.0

  '@d3fc/d3fc-random-data@4.0.2(d3-random@3.0.1)(d3-time@3.1.0)':
    dependencies:
      '@d3fc/d3fc-rebind': 6.0.1
      d3-random: 3.0.1
      d3-time: 3.1.0

  '@d3fc/d3fc-rebind@6.0.1': {}

  '@d3fc/d3fc-sample@5.0.2(d3-array@3.2.4)':
    dependencies:
      '@d3fc/d3fc-rebind': 6.0.1
      d3-array: 3.2.4

  '@d3fc/d3fc-series@6.1.3(d3-array@3.2.4)(d3-path@3.1.0)(d3-scale-chromatic@3.1.0)(d3-scale@4.0.2)(d3-selection@3.0.0)(d3-shape@3.2.0)':
    dependencies:
      '@d3fc/d3fc-data-join': 6.0.3(d3-selection@3.0.0)
      '@d3fc/d3fc-rebind': 6.0.1
      '@d3fc/d3fc-shape': 6.0.1(d3-path@3.1.0)
      '@d3fc/d3fc-webgl': 3.2.1(d3-scale@4.0.2)(d3-shape@3.2.0)
      d3-array: 3.2.4
      d3-scale: 4.0.2
      d3-scale-chromatic: 3.1.0
      d3-selection: 3.0.0
      d3-shape: 3.2.0
    transitivePeerDependencies:
      - d3-path

  '@d3fc/d3fc-shape@6.0.1(d3-path@3.1.0)':
    dependencies:
      d3-path: 3.1.0

  '@d3fc/d3fc-technical-indicator@8.1.1(d3-array@3.2.4)':
    dependencies:
      '@d3fc/d3fc-rebind': 6.0.1
      d3-array: 3.2.4

  '@d3fc/d3fc-webgl@3.2.1(d3-scale@4.0.2)(d3-shape@3.2.0)':
    dependencies:
      '@d3fc/d3fc-rebind': 6.0.1
      d3-scale: 4.0.2
      d3-shape: 3.2.0

  '@d3fc/d3fc-zoom@1.2.0(d3-dispatch@3.0.1)(d3-selection@3.0.0)(d3-zoom@3.0.0)':
    dependencies:
      '@d3fc/d3fc-rebind': 6.0.1
      d3-dispatch: 3.0.1
      d3-selection: 3.0.0
      d3-zoom: 3.0.0

  '@finos/perspective-viewer-d3fc@3.0.3(d3-brush@3.0.0)(d3-dispatch@3.0.1)(d3-fetch@3.0.1)(d3-path@3.1.0)(d3-random@3.0.1)(d3-scale-chromatic@3.1.0)(d3-scale@4.0.2)(d3-shape@3.2.0)(d3-time@3.1.0)(d3-zoom@3.0.0)':
    dependencies:
      '@finos/perspective': 3.0.3
      '@finos/perspective-viewer': 3.0.3
      chroma-js: 1.4.1
      d3: 7.9.0
      d3-array: 3.2.4
      d3-selection: 3.0.0
      d3-svg-legend: 2.25.6
      d3fc: 15.2.13(d3-array@3.2.4)(d3-brush@3.0.0)(d3-dispatch@3.0.1)(d3-fetch@3.0.1)(d3-path@3.1.0)(d3-random@3.0.1)(d3-scale-chromatic@3.1.0)(d3-scale@4.0.2)(d3-selection@3.0.0)(d3-shape@3.2.0)(d3-time@3.1.0)(d3-zoom@3.0.0)
      gradient-parser: 1.0.2
    transitivePeerDependencies:
      - bufferutil
      - d3-brush
      - d3-dispatch
      - d3-fetch
      - d3-path
      - d3-random
      - d3-scale
      - d3-scale-chromatic
      - d3-shape
      - d3-time
      - d3-zoom
      - utf-8-validate

  '@finos/perspective-viewer-datagrid@3.0.3':
    dependencies:
      '@finos/perspective': 3.0.3
      '@finos/perspective-viewer': 3.0.3
      chroma-js: 1.4.1
      regular-table: 0.6.4
    transitivePeerDependencies:
      - bufferutil
      - utf-8-validate

  '@finos/perspective-viewer@3.0.3':
    dependencies:
      '@finos/perspective': 3.0.3
    transitivePeerDependencies:
      - bufferutil
      - utf-8-validate

  '@finos/perspective-workspace@3.0.3(crypto@1.0.1)':
    dependencies:
      '@finos/perspective-viewer': 3.0.3
      '@lumino/algorithm': 1.9.2
      '@lumino/commands': 1.21.1(crypto@1.0.1)
      '@lumino/domutils': 1.8.2
      '@lumino/messaging': 1.10.3
      '@lumino/virtualdom': 1.14.3
      '@lumino/widgets': 1.37.2(crypto@1.0.1)
      lodash: 4.17.21
    transitivePeerDependencies:
      - bufferutil
      - crypto
      - utf-8-validate

  '@finos/perspective@3.0.3':
    dependencies:
      stoppable: 1.1.0
      ws: 8.18.0
    transitivePeerDependencies:
      - bufferutil
      - utf-8-validate

  '@lumino/algorithm@1.9.2': {}

  '@lumino/collections@1.9.3':
    dependencies:
      '@lumino/algorithm': 1.9.2

  '@lumino/commands@1.21.1(crypto@1.0.1)':
    dependencies:
      '@lumino/algorithm': 1.9.2
      '@lumino/coreutils': 1.12.1(crypto@1.0.1)
      '@lumino/disposable': 1.10.4
      '@lumino/domutils': 1.8.2
      '@lumino/keyboard': 1.8.2
      '@lumino/signaling': 1.11.1
      '@lumino/virtualdom': 1.14.3
    transitivePeerDependencies:
      - crypto

  '@lumino/coreutils@1.12.1(crypto@1.0.1)':
    dependencies:
      crypto: 1.0.1

  '@lumino/disposable@1.10.4':
    dependencies:
      '@lumino/algorithm': 1.9.2
      '@lumino/signaling': 1.11.1

  '@lumino/domutils@1.8.2': {}

  '@lumino/dragdrop@1.14.5(crypto@1.0.1)':
    dependencies:
      '@lumino/coreutils': 1.12.1(crypto@1.0.1)
      '@lumino/disposable': 1.10.4
    transitivePeerDependencies:
      - crypto

  '@lumino/keyboard@1.8.2': {}

  '@lumino/messaging@1.10.3':
    dependencies:
      '@lumino/algorithm': 1.9.2
      '@lumino/collections': 1.9.3

  '@lumino/properties@1.8.2': {}

  '@lumino/signaling@1.11.1':
    dependencies:
      '@lumino/algorithm': 1.9.2
      '@lumino/properties': 1.8.2

  '@lumino/virtualdom@1.14.3':
    dependencies:
      '@lumino/algorithm': 1.9.2

  '@lumino/widgets@1.37.2(crypto@1.0.1)':
    dependencies:
      '@lumino/algorithm': 1.9.2
      '@lumino/commands': 1.21.1(crypto@1.0.1)
      '@lumino/coreutils': 1.12.1(crypto@1.0.1)
      '@lumino/disposable': 1.10.4
      '@lumino/domutils': 1.8.2
      '@lumino/dragdrop': 1.14.5(crypto@1.0.1)
      '@lumino/keyboard': 1.8.2
      '@lumino/messaging': 1.10.3
      '@lumino/properties': 1.8.2
      '@lumino/signaling': 1.11.1
      '@lumino/virtualdom': 1.14.3
    transitivePeerDependencies:
      - crypto

  '@types/d3-selection@1.0.10': {}

  accepts@1.3.8:
    dependencies:
      mime-types: 2.1.35
      negotiator: 0.6.3

  array-flatten@1.1.1: {}

  body-parser@1.20.2:
    dependencies:
      bytes: 3.1.2
      content-type: 1.0.5
      debug: 2.6.9
      depd: 2.0.0
      destroy: 1.2.0
      http-errors: 2.0.0
      iconv-lite: 0.4.24
      on-finished: 2.4.1
      qs: 6.11.0
      raw-body: 2.5.2
      type-is: 1.6.18
      unpipe: 1.0.0
    transitivePeerDependencies:
      - supports-color

  bytes@3.1.2: {}

  call-bind@1.0.7:
    dependencies:
      es-define-property: 1.0.0
      es-errors: 1.3.0
      function-bind: 1.1.2
      get-intrinsic: 1.2.4
      set-function-length: 1.2.2

  chroma-js@1.4.1: {}

  commander@7.2.0: {}

  content-disposition@0.5.4:
    dependencies:
      safe-buffer: 5.2.1

  content-type@1.0.5: {}

  cookie-signature@1.0.6: {}

  cookie@0.6.0: {}

  crypto@1.0.1: {}

  d3-array@1.0.1: {}

  d3-array@3.2.4:
    dependencies:
      internmap: 2.0.3

  d3-axis@3.0.0: {}

  d3-brush@3.0.0:
    dependencies:
      d3-dispatch: 3.0.1
      d3-drag: 3.0.0
      d3-interpolate: 3.0.1
      d3-selection: 3.0.0
      d3-transition: 3.0.1(d3-selection@3.0.0)

  d3-chord@3.0.1:
    dependencies:
      d3-path: 3.1.0

  d3-collection@1.0.7: {}

  d3-color@1.4.1: {}

  d3-color@3.1.0: {}

  d3-contour@4.0.2:
    dependencies:
      d3-array: 3.2.4

  d3-delaunay@6.0.4:
    dependencies:
      delaunator: 5.0.1

  d3-dispatch@1.0.1: {}

  d3-dispatch@3.0.1: {}

  d3-drag@3.0.0:
    dependencies:
      d3-dispatch: 3.0.1
      d3-selection: 3.0.0

  d3-dsv@3.0.1:
    dependencies:
      commander: 7.2.0
      iconv-lite: 0.6.3
      rw: 1.3.3

  d3-ease@1.0.7: {}

  d3-ease@3.0.1: {}

  d3-fetch@3.0.1:
    dependencies:
      d3-dsv: 3.0.1

  d3-force@3.0.0:
    dependencies:
      d3-dispatch: 3.0.1
      d3-quadtree: 3.0.1
      d3-timer: 3.0.1

  d3-format@1.0.2: {}

  d3-format@3.1.0: {}

  d3-geo@3.1.1:
    dependencies:
      d3-array: 3.2.4

  d3-hierarchy@3.1.2: {}

  d3-interpolate@1.4.0:
    dependencies:
      d3-color: 1.4.1

  d3-interpolate@3.0.1:
    dependencies:
      d3-color: 3.1.0

  d3-path@3.1.0: {}

  d3-polygon@3.0.1: {}

  d3-quadtree@3.0.1: {}

  d3-random@3.0.1: {}

  d3-scale-chromatic@3.1.0:
    dependencies:
      d3-color: 3.1.0
      d3-interpolate: 3.0.1

  d3-scale@1.0.3:
    dependencies:
      d3-array: 1.0.1
      d3-collection: 1.0.7
      d3-color: 1.4.1
      d3-format: 1.0.2
      d3-interpolate: 1.4.0
      d3-time: 1.1.0
      d3-time-format: 2.3.0

  d3-scale@4.0.2:
    dependencies:
      d3-array: 3.2.4
      d3-format: 3.1.0
      d3-interpolate: 3.0.1
      d3-time: 3.1.0
      d3-time-format: 4.1.0

  d3-selection@1.0.2: {}

  d3-selection@3.0.0: {}

  d3-shape@3.2.0:
    dependencies:
      d3-path: 3.1.0

  d3-svg-legend@2.25.6:
    dependencies:
      '@types/d3-selection': 1.0.10
      d3-array: 1.0.1
      d3-dispatch: 1.0.1
      d3-format: 1.0.2
      d3-scale: 1.0.3
      d3-selection: 1.0.2
      d3-transition: 1.0.3

  d3-time-format@2.3.0:
    dependencies:
      d3-time: 1.1.0

  d3-time-format@4.1.0:
    dependencies:
      d3-time: 3.1.0

  d3-time@1.1.0: {}

  d3-time@3.1.0:
    dependencies:
      d3-array: 3.2.4

  d3-timer@1.0.10: {}

  d3-timer@3.0.1: {}

  d3-transition@1.0.3:
    dependencies:
      d3-color: 1.4.1
      d3-dispatch: 1.0.1
      d3-ease: 1.0.7
      d3-interpolate: 1.4.0
      d3-selection: 1.0.2
      d3-timer: 1.0.10

  d3-transition@3.0.1(d3-selection@3.0.0):
    dependencies:
      d3-color: 3.1.0
      d3-dispatch: 3.0.1
      d3-ease: 3.0.1
      d3-interpolate: 3.0.1
      d3-selection: 3.0.0
      d3-timer: 3.0.1

  d3-zoom@3.0.0:
    dependencies:
      d3-dispatch: 3.0.1
      d3-drag: 3.0.0
      d3-interpolate: 3.0.1
      d3-selection: 3.0.0
      d3-transition: 3.0.1(d3-selection@3.0.0)

  d3@7.9.0:
    dependencies:
      d3-array: 3.2.4
      d3-axis: 3.0.0
      d3-brush: 3.0.0
      d3-chord: 3.0.1
      d3-color: 3.1.0
      d3-contour: 4.0.2
      d3-delaunay: 6.0.4
      d3-dispatch: 3.0.1
      d3-drag: 3.0.0
      d3-dsv: 3.0.1
      d3-ease: 3.0.1
      d3-fetch: 3.0.1
      d3-force: 3.0.0
      d3-format: 3.1.0
      d3-geo: 3.1.1
      d3-hierarchy: 3.1.2
      d3-interpolate: 3.0.1
      d3-path: 3.1.0
      d3-polygon: 3.0.1
      d3-quadtree: 3.0.1
      d3-random: 3.0.1
      d3-scale: 4.0.2
      d3-scale-chromatic: 3.1.0
      d3-selection: 3.0.0
      d3-shape: 3.2.0
      d3-time: 3.1.0
      d3-time-format: 4.1.0
      d3-timer: 3.0.1
      d3-transition: 3.0.1(d3-selection@3.0.0)
      d3-zoom: 3.0.0

  d3fc@15.2.13(d3-array@3.2.4)(d3-brush@3.0.0)(d3-dispatch@3.0.1)(d3-fetch@3.0.1)(d3-path@3.1.0)(d3-random@3.0.1)(d3-scale-chromatic@3.1.0)(d3-scale@4.0.2)(d3-selection@3.0.0)(d3-shape@3.2.0)(d3-time@3.1.0)(d3-zoom@3.0.0):
    dependencies:
      '@d3fc/d3fc-annotation': 3.0.16(d3-array@3.2.4)(d3-path@3.1.0)(d3-scale-chromatic@3.1.0)(d3-scale@4.0.2)(d3-selection@3.0.0)(d3-shape@3.2.0)
      '@d3fc/d3fc-axis': 3.0.7(d3-scale@4.0.2)(d3-selection@3.0.0)(d3-shape@3.2.0)
      '@d3fc/d3fc-brush': 3.0.3(d3-brush@3.0.0)(d3-dispatch@3.0.1)(d3-scale@4.0.2)(d3-selection@3.0.0)
      '@d3fc/d3fc-chart': 5.1.9(d3-array@3.2.4)(d3-path@3.1.0)(d3-scale-chromatic@3.1.0)(d3-scale@4.0.2)(d3-selection@3.0.0)(d3-shape@3.2.0)
      '@d3fc/d3fc-data-join': 6.0.3(d3-selection@3.0.0)
      '@d3fc/d3fc-discontinuous-scale': 4.1.1(d3-scale@4.0.2)(d3-time@3.1.0)
      '@d3fc/d3fc-element': 6.2.0
      '@d3fc/d3fc-extent': 4.0.2(d3-array@3.2.4)
      '@d3fc/d3fc-financial-feed': 7.1.0(d3-fetch@3.0.1)
      '@d3fc/d3fc-group': 3.0.1
      '@d3fc/d3fc-label-layout': 7.0.4(d3-array@3.2.4)(d3-scale@4.0.2)(d3-selection@3.0.0)
      '@d3fc/d3fc-pointer': 3.0.3(d3-dispatch@3.0.1)(d3-selection@3.0.0)
      '@d3fc/d3fc-random-data': 4.0.2(d3-random@3.0.1)(d3-time@3.1.0)
      '@d3fc/d3fc-rebind': 6.0.1
      '@d3fc/d3fc-sample': 5.0.2(d3-array@3.2.4)
      '@d3fc/d3fc-series': 6.1.3(d3-array@3.2.4)(d3-path@3.1.0)(d3-scale-chromatic@3.1.0)(d3-scale@4.0.2)(d3-selection@3.0.0)(d3-shape@3.2.0)
      '@d3fc/d3fc-shape': 6.0.1(d3-path@3.1.0)
      '@d3fc/d3fc-technical-indicator': 8.1.1(d3-array@3.2.4)
      '@d3fc/d3fc-webgl': 3.2.1(d3-scale@4.0.2)(d3-shape@3.2.0)
      '@d3fc/d3fc-zoom': 1.2.0(d3-dispatch@3.0.1)(d3-selection@3.0.0)(d3-zoom@3.0.0)
    transitivePeerDependencies:
      - d3-array
      - d3-brush
      - d3-dispatch
      - d3-fetch
      - d3-path
      - d3-random
      - d3-scale
      - d3-scale-chromatic
      - d3-selection
      - d3-shape
      - d3-time
      - d3-zoom

  debug@2.6.9:
    dependencies:
      ms: 2.0.0

  define-data-property@1.1.4:
    dependencies:
      es-define-property: 1.0.0
      es-errors: 1.3.0
      gopd: 1.0.1

  delaunator@5.0.1:
    dependencies:
      robust-predicates: 3.0.2

  depd@2.0.0: {}

  destroy@1.2.0: {}

  ee-first@1.1.1: {}

  encodeurl@1.0.2: {}

  es-define-property@1.0.0:
    dependencies:
      get-intrinsic: 1.2.4

  es-errors@1.3.0: {}

  escape-html@1.0.3: {}

  etag@1.8.1: {}

  express-ws@5.0.2(express@4.19.2):
    dependencies:
      express: 4.19.2
      ws: 7.5.10
    transitivePeerDependencies:
      - bufferutil
      - utf-8-validate

  express@4.19.2:
    dependencies:
      accepts: 1.3.8
      array-flatten: 1.1.1
      body-parser: 1.20.2
      content-disposition: 0.5.4
      content-type: 1.0.5
      cookie: 0.6.0
      cookie-signature: 1.0.6
      debug: 2.6.9
      depd: 2.0.0
      encodeurl: 1.0.2
      escape-html: 1.0.3
      etag: 1.8.1
      finalhandler: 1.2.0
      fresh: 0.5.2
      http-errors: 2.0.0
      merge-descriptors: 1.0.1
      methods: 1.1.2
      on-finished: 2.4.1
      parseurl: 1.3.3
      path-to-regexp: 0.1.7
      proxy-addr: 2.0.7
      qs: 6.11.0
      range-parser: 1.2.1
      safe-buffer: 5.2.1
      send: 0.18.0
      serve-static: 1.15.0
      setprototypeof: 1.2.0
      statuses: 2.0.1
      type-is: 1.6.18
      utils-merge: 1.0.1
      vary: 1.1.2
    transitivePeerDependencies:
      - supports-color

  finalhandler@1.2.0:
    dependencies:
      debug: 2.6.9
      encodeurl: 1.0.2
      escape-html: 1.0.3
      on-finished: 2.4.1
      parseurl: 1.3.3
      statuses: 2.0.1
      unpipe: 1.0.0
    transitivePeerDependencies:
      - supports-color

  forwarded@0.2.0: {}

  fresh@0.5.2: {}

  function-bind@1.1.2: {}

  get-intrinsic@1.2.4:
    dependencies:
      es-errors: 1.3.0
      function-bind: 1.1.2
      has-proto: 1.0.3
      has-symbols: 1.0.3
      hasown: 2.0.2

  gopd@1.0.1:
    dependencies:
      get-intrinsic: 1.2.4

  gradient-parser@1.0.2: {}

  has-property-descriptors@1.0.2:
    dependencies:
      es-define-property: 1.0.0

  has-proto@1.0.3: {}

  has-symbols@1.0.3: {}

  hasown@2.0.2:
    dependencies:
      function-bind: 1.1.2

  http-errors@2.0.0:
    dependencies:
      depd: 2.0.0
      inherits: 2.0.4
      setprototypeof: 1.2.0
      statuses: 2.0.1
      toidentifier: 1.0.1

  iconv-lite@0.4.24:
    dependencies:
      safer-buffer: 2.1.2

  iconv-lite@0.6.3:
    dependencies:
      safer-buffer: 2.1.2

  inherits@2.0.4: {}

  internmap@2.0.3: {}

  ipaddr.js@1.9.1: {}

  lodash@4.17.21: {}

  media-typer@0.3.0: {}

  merge-descriptors@1.0.1: {}

  methods@1.1.2: {}

  mime-db@1.52.0: {}

  mime-types@2.1.35:
    dependencies:
      mime-db: 1.52.0

  mime@1.6.0: {}

  ms@2.0.0: {}

  ms@2.1.3: {}

  negotiator@0.6.3: {}

  object-inspect@1.13.2: {}

  on-finished@2.4.1:
    dependencies:
      ee-first: 1.1.1

  parseurl@1.3.3: {}

  path-to-regexp@0.1.7: {}

  prettier@3.3.3: {}

  proxy-addr@2.0.7:
    dependencies:
      forwarded: 0.2.0
      ipaddr.js: 1.9.1

  qs@6.11.0:
    dependencies:
      side-channel: 1.0.6

  range-parser@1.2.1: {}

  raw-body@2.5.2:
    dependencies:
      bytes: 3.1.2
      http-errors: 2.0.0
      iconv-lite: 0.4.24
      unpipe: 1.0.0

  regular-table@0.6.4: {}

  robust-predicates@3.0.2: {}

  rw@1.3.3: {}

  safe-buffer@5.2.1: {}

  safer-buffer@2.1.2: {}

  send@0.18.0:
    dependencies:
      debug: 2.6.9
      depd: 2.0.0
      destroy: 1.2.0
      encodeurl: 1.0.2
      escape-html: 1.0.3
      etag: 1.8.1
      fresh: 0.5.2
      http-errors: 2.0.0
      mime: 1.6.0
      ms: 2.1.3
      on-finished: 2.4.1
      range-parser: 1.2.1
      statuses: 2.0.1
    transitivePeerDependencies:
      - supports-color

  serve-static@1.15.0:
    dependencies:
      encodeurl: 1.0.2
      escape-html: 1.0.3
      parseurl: 1.3.3
      send: 0.18.0
    transitivePeerDependencies:
      - supports-color

  set-function-length@1.2.2:
    dependencies:
      define-data-property: 1.1.4
      es-errors: 1.3.0
      function-bind: 1.1.2
      get-intrinsic: 1.2.4
      gopd: 1.0.1
      has-property-descriptors: 1.0.2

  setprototypeof@1.2.0: {}

  side-channel@1.0.6:
    dependencies:
      call-bind: 1.0.7
      es-errors: 1.3.0
      get-intrinsic: 1.2.4
      object-inspect: 1.13.2

  statuses@2.0.1: {}

  stoppable@1.1.0: {}

  toidentifier@1.0.1: {}

  type-is@1.6.18:
    dependencies:
      media-typer: 0.3.0
      mime-types: 2.1.35

  unpipe@1.0.0: {}

  utils-merge@1.0.1: {}

  vary@1.1.2: {}

  ws@7.5.10: {}

  ws@8.18.0: {}
